
Microsoft Visual Studio Solution File, Format Version 12.00
# Visual Studio Version 16
VisualStudioVersion = 16.0.31129.286
MinimumVisualStudioVersion = 10.0.40219.1
Project("{9A19103F-16F7-4668-BE54-9A1E7A4F7556}") = "SpaceShipCombatSimulator", "SpaceShipCombatSimulator\SpaceShipCombatSimulator.csproj", "{904DF1AC-7F38-4EA0-867A-8FE525D958FB}"
EndProject
Project("{9A19103F-16F7-4668-BE54-9A1E7A4F7556}") = "ShipCombatCore", "ShipCombatCore\ShipCombatCore.csproj", "{78E2EB5C-9185-437C-9738-B8E4D2DEEA43}"
EndProject
Global
	GlobalSection(SolutionConfigurationPlatforms) = preSolution
		Debug|Any CPU = Debug|Any CPU
		Release|Any CPU = Release|Any CPU
	EndGlobalSection
	GlobalSection(ProjectConfigurationPlatforms) = postSolution
		{904DF1AC-7F38-4EA0-867A-8FE525D958FB}.Debug|Any CPU.ActiveCfg = Debug|Any CPU
		{904DF1AC-7F38-4EA0-867A-8FE525D958FB}.Debug|Any CPU.Build.0 = Debug|Any CPU
		{904DF1AC-7F38-4EA0-867A-8FE525D958FB}.Release|Any CPU.ActiveCfg = Release|Any CPU
		{904DF1AC-7F38-4EA0-867A-8FE525D958FB}.Release|Any CPU.Build.0 = Release|Any CPU
		{78E2EB5C-9185-437C-9738-B8E4D2DEEA43}.Debug|Any CPU.ActiveCfg = Debug|Any CPU
		{78E2EB5C-9185-437C-9738-B8E4D2DEEA43}.Debug|Any CPU.Build.0 = Debug|Any CPU
		{78E2EB5C-9185-437C-9738-B8E4D2DEEA43}.Release|Any CPU.ActiveCfg = Release|Any CPU
		{78E2EB5C-9185-437C-9738-B8E4D2DEEA43}.Release|Any CPU.Build.0 = Release|Any CPU
	EndGlobalSection
	GlobalSection(SolutionProperties) = preSolution
		HideSolutionNode = FALSE
	EndGlobalSection
	GlobalSection(ExtensibilityGlobals) = postSolution
		SolutionGuid = {BD50AE9F-E005-4EA8-A40E-FA6007AB17C1}
	EndGlobalSection
EndGlobal
